// !$*UTF8*$!
{
	archiveVersion = 1;
	classes = {
	};
	objectVersion = 50;
	objects = {

/* Begin PBXBuildFile section */
		D30DE8CA27A645C50066DFB6 /* LaunchScreen.storyboard in Resources */ = {isa = PBXBuildFile; fileRef = D30DE8C927A645C50066DFB6 /* LaunchScreen.storyboard */; };
		D30DE8CF27A647720066DFB6 /* AI Win.png in Resources */ = {isa = PBXBuildFile; fileRef = D30DE8CC27A647720066DFB6 /* AI Win.png */; };
		D30DE8D027A647720066DFB6 /* You Win.png in Resources */ = {isa = PBXBuildFile; fileRef = D30DE8CD27A647720066DFB6 /* You Win.png */; };
		D30DE8D127A647720066DFB6 /* First Launch.png in Resources */ = {isa = PBXBuildFile; fileRef = D30DE8CE27A647720066DFB6 /* First Launch.png */; };
		D3465D3126FA86A100BDC29B /* RPCView.swift in Sources */ = {isa = PBXBuildFile; fileRef = D3465D3026FA86A100BDC29B /* RPCView.swift */; };
		D374B91026FA7FCA00F3DEF1 /* Constants.swift in Sources */ = {isa = PBXBuildFile; fileRef = D374B90F26FA7FCA00F3DEF1 /* Constants.swift */; };
		D374B91326FA801800F3DEF1 /* BGView.swift in Sources */ = {isa = PBXBuildFile; fileRef = D374B91226FA801800F3DEF1 /* BGView.swift */; };
		D374B91A26FA807B00F3DEF1 /* AICard.swift in Sources */ = {isa = PBXBuildFile; fileRef = D374B91926FA807B00F3DEF1 /* AICard.swift */; };
		D374B91D26FA809300F3DEF1 /* ButtonImage.swift in Sources */ = {isa = PBXBuildFile; fileRef = D374B91C26FA809300F3DEF1 /* ButtonImage.swift */; };
		D374B92026FA80C300F3DEF1 /* ScoreView.swift in Sources */ = {isa = PBXBuildFile; fileRef = D374B91F26FA80C300F3DEF1 /* ScoreView.swift */; };
		D374B92326FA819500F3DEF1 /* ViewModel.swift in Sources */ = {isa = PBXBuildFile; fileRef = D374B92226FA819500F3DEF1 /* ViewModel.swift */; };
		D3D9C6922658A36300D268D1 /* Rock_Paper_ScissorsApp.swift in Sources */ = {isa = PBXBuildFile; fileRef = D3D9C6912658A36300D268D1 /* Rock_Paper_ScissorsApp.swift */; };
		D3D9C6962658A36300D268D1 /* Assets.xcassets in Resources */ = {isa = PBXBuildFile; fileRef = D3D9C6952658A36300D268D1 /* Assets.xcassets */; };
		D3D9C6992658A36300D268D1 /* Preview Assets.xcassets in Resources */ = {isa = PBXBuildFile; fileRef = D3D9C6982658A36300D268D1 /* Preview Assets.xcassets */; };
		D3DADC7027031263005FD898 /* WinTextView.swift in Sources */ = {isa = PBXBuildFile; fileRef = D3DADC6F27031263005FD898 /* WinTextView.swift */; };
/* End PBXBuildFile section */

/* Begin PBXFileReference section */
		D30DE8C927A645C50066DFB6 /* LaunchScreen.storyboard */ = {isa = PBXFileReference; lastKnownFileType = file.storyboard; path = LaunchScreen.storyboard; sourceTree = "<group>"; };
		D30DE8CC27A647720066DFB6 /* AI Win.png */ = {isa = PBXFileReference; lastKnownFileType = image.png; path = "AI Win.png"; sourceTree = "<group>"; };
		D30DE8CD27A647720066DFB6 /* You Win.png */ = {isa = PBXFileReference; lastKnownFileType = image.png; path = "You Win.png"; sourceTree = "<group>"; };
		D30DE8CE27A647720066DFB6 /* First Launch.png */ = {isa = PBXFileReference; lastKnownFileType = image.png; path = "First Launch.png"; sourceTree = "<group>"; };
		D3465D3026FA86A100BDC29B /* RPCView.swift */ = {isa = PBXFileReference; fileEncoding = 4; lastKnownFileType = sourcecode.swift; path = RPCView.swift; sourceTree = "<group>"; };
		D374B90F26FA7FCA00F3DEF1 /* Constants.swift */ = {isa = PBXFileReference; lastKnownFileType = sourcecode.swift; path = Constants.swift; sourceTree = "<group>"; };
		D374B91226FA801800F3DEF1 /* BGView.swift */ = {isa = PBXFileReference; lastKnownFileType = sourcecode.swift; path = BGView.swift; sourceTree = "<group>"; };
		D374B91926FA807B00F3DEF1 /* AICard.swift */ = {isa = PBXFileReference; lastKnownFileType = sourcecode.swift; path = AICard.swift; sourceTree = "<group>"; };
		D374B91C26FA809300F3DEF1 /* ButtonImage.swift */ = {isa = PBXFileReference; lastKnownFileType = sourcecode.swift; path = ButtonImage.swift; sourceTree = "<group>"; };
		D374B91F26FA80C300F3DEF1 /* ScoreView.swift */ = {isa = PBXFileReference; lastKnownFileType = sourcecode.swift; path = ScoreView.swift; sourceTree = "<group>"; };
		D374B92226FA819500F3DEF1 /* ViewModel.swift */ = {isa = PBXFileReference; lastKnownFileType = sourcecode.swift; path = ViewModel.swift; sourceTree = "<group>"; };
		D3D9C68E2658A36300D268D1 /* Rock Paper Scissors.app */ = {isa = PBXFileReference; explicitFileType = wrapper.application; includeInIndex = 0; path = "Rock Paper Scissors.app"; sourceTree = BUILT_PRODUCTS_DIR; };
		D3D9C6912658A36300D268D1 /* Rock_Paper_ScissorsApp.swift */ = {isa = PBXFileReference; lastKnownFileType = sourcecode.swift; path = Rock_Paper_ScissorsApp.swift; sourceTree = "<group>"; };
		D3D9C6952658A36300D268D1 /* Assets.xcassets */ = {isa = PBXFileReference; lastKnownFileType = folder.assetcatalog; path = Assets.xcassets; sourceTree = "<group>"; };
		D3D9C6982658A36300D268D1 /* Preview Assets.xcassets */ = {isa = PBXFileReference; lastKnownFileType = folder.assetcatalog; path = "Preview Assets.xcassets"; sourceTree = "<group>"; };
		D3D9C69A2658A36300D268D1 /* Info.plist */ = {isa = PBXFileReference; lastKnownFileType = text.plist.xml; path = Info.plist; sourceTree = "<group>"; };
		D3DADC6F27031263005FD898 /* WinTextView.swift */ = {isa = PBXFileReference; lastKnownFileType = sourcecode.swift; path = WinTextView.swift; sourceTree = "<group>"; };
/* End PBXFileReference section */

/* Begin PBXFrameworksBuildPhase section */
		D3D9C68B2658A36300D268D1 /* Frameworks */ = {
			isa = PBXFrameworksBuildPhase;
			buildActionMask = 2147483647;
			files = (
			);
			runOnlyForDeploymentPostprocessing = 0;
		};
/* End PBXFrameworksBuildPhase section */

/* Begin PBXGroup section */
		D30DE8CB27A647040066DFB6 /* App Screenshots */ = {
			isa = PBXGroup;
			children = (
				D30DE8CC27A647720066DFB6 /* AI Win.png */,
				D30DE8CE27A647720066DFB6 /* First Launch.png */,
				D30DE8CD27A647720066DFB6 /* You Win.png */,
			);
			path = "App Screenshots";
			sourceTree = "<group>";
		};
		D3465D2A26FA83A400BDC29B /* VM-Constants-Extensions */ = {
			isa = PBXGroup;
			children = (
				D374B90F26FA7FCA00F3DEF1 /* Constants.swift */,
				D374B92226FA819500F3DEF1 /* ViewModel.swift */,
			);
			path = "VM-Constants-Extensions";
			sourceTree = "<group>";
		};
		D374B91526FA802600F3DEF1 /* Views */ = {
			isa = PBXGroup;
			children = (
				D3465D3026FA86A100BDC29B /* RPCView.swift */,
				D374B91726FA803800F3DEF1 /* Helper Views */,
			);
			path = Views;
			sourceTree = "<group>";
		};
		D374B91726FA803800F3DEF1 /* Helper Views */ = {
			isa = PBXGroup;
			children = (
				D374B91226FA801800F3DEF1 /* BGView.swift */,
				D374B91926FA807B00F3DEF1 /* AICard.swift */,
				D3DADC6F27031263005FD898 /* WinTextView.swift */,
				D374B91C26FA809300F3DEF1 /* ButtonImage.swift */,
				D374B91F26FA80C300F3DEF1 /* ScoreView.swift */,
			);
			path = "Helper Views";
			sourceTree = "<group>";
		};
		D3D9C6852658A36300D268D1 = {
			isa = PBXGroup;
			children = (
				D3D9C6902658A36300D268D1 /* Rock Paper Scissors */,
				D3D9C68F2658A36300D268D1 /* Products */,
			);
			sourceTree = "<group>";
		};
		D3D9C68F2658A36300D268D1 /* Products */ = {
			isa = PBXGroup;
			children = (
				D3D9C68E2658A36300D268D1 /* Rock Paper Scissors.app */,
			);
			name = Products;
			sourceTree = "<group>";
		};
		D3D9C6902658A36300D268D1 /* Rock Paper Scissors */ = {
			isa = PBXGroup;
			children = (
				D30DE8CB27A647040066DFB6 /* App Screenshots */,
				D3D9C6912658A36300D268D1 /* Rock_Paper_ScissorsApp.swift */,
				D3465D2A26FA83A400BDC29B /* VM-Constants-Extensions */,
				D374B91526FA802600F3DEF1 /* Views */,
				D3D9C6952658A36300D268D1 /* Assets.xcassets */,
				D3D9C69A2658A36300D268D1 /* Info.plist */,
				D30DE8C927A645C50066DFB6 /* LaunchScreen.storyboard */,
				D3D9C6972658A36300D268D1 /* Preview Content */,
			);
			path = "Rock Paper Scissors";
			sourceTree = "<group>";
		};
		D3D9C6972658A36300D268D1 /* Preview Content */ = {
			isa = PBXGroup;
			children = (
				D3D9C6982658A36300D268D1 /* Preview Assets.xcassets */,
			);
			path = "Preview Content";
			sourceTree = "<group>";
		};
/* End PBXGroup section */

/* Begin PBXNativeTarget section */
		D3D9C68D2658A36300D268D1 /* Rock Paper Scissors */ = {
			isa = PBXNativeTarget;
			buildConfigurationList = D3D9C69D2658A36300D268D1 /* Build configuration list for PBXNativeTarget "Rock Paper Scissors" */;
			buildPhases = (
				D3D9C68A2658A36300D268D1 /* Sources */,
				D3D9C68B2658A36300D268D1 /* Frameworks */,
				D3D9C68C2658A36300D268D1 /* Resources */,
			);
			buildRules = (
			);
			dependencies = (
			);
			name = "Rock Paper Scissors";
			productName = "Rock Paper Scissors";
			productReference = D3D9C68E2658A36300D268D1 /* Rock Paper Scissors.app */;
			productType = "com.apple.product-type.application";
		};
/* End PBXNativeTarget section */

/* Begin PBXProject section */
		D3D9C6862658A36300D268D1 /* Project object */ = {
			isa = PBXProject;
			attributes = {
				LastSwiftUpdateCheck = 1240;
				LastUpgradeCheck = 1240;
				TargetAttributes = {
					D3D9C68D2658A36300D268D1 = {
						CreatedOnToolsVersion = 12.4;
					};
				};
			};
			buildConfigurationList = D3D9C6892658A36300D268D1 /* Build configuration list for PBXProject "Rock Paper Scissors" */;
			compatibilityVersion = "Xcode 9.3";
			developmentRegion = en;
			hasScannedForEncodings = 0;
			knownRegions = (
				en,
				Base,
			);
			mainGroup = D3D9C6852658A36300D268D1;
			productRefGroup = D3D9C68F2658A36300D268D1 /* Products */;
			projectDirPath = "";
			projectRoot = "";
			targets = (
				D3D9C68D2658A36300D268D1 /* Rock Paper Scissors */,
			);
		};
/* End PBXProject section */

/* Begin PBXResourcesBuildPhase section */
		D3D9C68C2658A36300D268D1 /* Resources */ = {
			isa = PBXResourcesBuildPhase;
			buildActionMask = 2147483647;
			files = (
				D30DE8CA27A645C50066DFB6 /* LaunchScreen.storyboard in Resources */,
				D30DE8CF27A647720066DFB6 /* AI Win.png in Resources */,
				D3D9C6992658A36300D268D1 /* Preview Assets.xcassets in Resources */,
				D30DE8D027A647720066DFB6 /* You Win.png in Resources */,
				D30DE8D127A647720066DFB6 /* First Launch.png in Resources */,
				D3D9C6962658A36300D268D1 /* Assets.xcassets in Resources */,
			);
			runOnlyForDeploymentPostprocessing = 0;
		};
/* End PBXResourcesBuildPhase section */

/* Begin PBXSourcesBuildPhase section */
		D3D9C68A2658A36300D268D1 /* Sources */ = {
			isa = PBXSourcesBuildPhase;
			buildActionMask = 2147483647;
			files = (
				D3465D3126FA86A100BDC29B /* RPCView.swift in Sources */,
				D374B91D26FA809300F3DEF1 /* ButtonImage.swift in Sources */,
				D3D9C6922658A36300D268D1 /* Rock_Paper_ScissorsApp.swift in Sources */,
				D374B91026FA7FCA00F3DEF1 /* Constants.swift in Sources */,
				D3DADC7027031263005FD898 /* WinTextView.swift in Sources */,
				D374B92026FA80C300F3DEF1 /* ScoreView.swift in Sources */,
				D374B91326FA801800F3DEF1 /* BGView.swift in Sources */,
				D374B92326FA819500F3DEF1 /* ViewModel.swift in Sources */,
				D374B91A26FA807B00F3DEF1 /* AICard.swift in Sources */,
			);
			runOnlyForDeploymentPostprocessing = 0;
		};
/* End PBXSourcesBuildPhase section */

/* Begin XCBuildConfiguration section */
		D3D9C69B2658A36300D268D1 /* Debug */ = {
			isa = XCBuildConfiguration;
			buildSettings = {
				ALWAYS_SEARCH_USER_PATHS = NO;
				CLANG_ANALYZER_NONNULL = YES;
				CLANG_ANALYZER_NUMBER_OBJECT_CONVERSION = YES_AGGRESSIVE;
				CLANG_CXX_LANGUAGE_STANDARD = "gnu++14";
				CLANG_CXX_LIBRARY = "libc++";
				CLANG_ENABLE_MODULES = YES;
				CLANG_ENABLE_OBJC_ARC = YES;
				CLANG_ENABLE_OBJC_WEAK = YES;
				CLANG_WARN_BLOCK_CAPTURE_AUTORELEASING = YES;
				CLANG_WARN_BOOL_CONVERSION = YES;
				CLANG_WARN_COMMA = YES;
				CLANG_WARN_CONSTANT_CONVERSION = YES;
				CLANG_WARN_DEPRECATED_OBJC_IMPLEMENTATIONS = YES;
				CLANG_WARN_DIRECT_OBJC_ISA_USAGE = YES_ERROR;
				CLANG_WARN_DOCUMENTATION_COMMENTS = YES;
				CLANG_WARN_EMPTY_BODY = YES;
				CLANG_WARN_ENUM_CONVERSION = YES;
				CLANG_WARN_INFINITE_RECURSION = YES;
				CLANG_WARN_INT_CONVERSION = YES;
				CLANG_WARN_NON_LITERAL_NULL_CONVERSION = YES;
				CLANG_WARN_OBJC_IMPLICIT_RETAIN_SELF = YES;
				CLANG_WARN_OBJC_LITERAL_CONVERSION = YES;
				CLANG_WARN_OBJC_ROOT_CLASS = YES_ERROR;
				CLANG_WARN_QUOTED_INCLUDE_IN_FRAMEWORK_HEADER = YES;
				CLANG_WARN_RANGE_LOOP_ANALYSIS = YES;
				CLANG_WARN_STRICT_PROTOTYPES = YES;
				CLANG_WARN_SUSPICIOUS_MOVE = YES;
				CLANG_WARN_UNGUARDED_AVAILABILITY = YES_AGGRESSIVE;
				CLANG_WARN_UNREACHABLE_CODE = YES;
				CLANG_WARN__DUPLICATE_METHOD_MATCH = YES;
				COPY_PHASE_STRIP = NO;
				DEBUG_INFORMATION_FORMAT = dwarf;
				ENABLE_STRICT_OBJC_MSGSEND = YES;
				ENABLE_TESTABILITY = YES;
				GCC_C_LANGUAGE_STANDARD = gnu11;
				GCC_DYNAMIC_NO_PIC = NO;
				GCC_NO_COMMON_BLOCKS = YES;
				GCC_OPTIMIZATION_LEVEL = 0;
				GCC_PREPROCESSOR_DEFINITIONS = (
					"DEBUG=1",
					"$(inherited)",
				);
				GCC_WARN_64_TO_32_BIT_CONVERSION = YES;
				GCC_WARN_ABOUT_RETURN_TYPE = YES_ERROR;
				GCC_WARN_UNDECLARED_SELECTOR = YES;
				GCC_WARN_UNINITIALIZED_AUTOS = YES_AGGRESSIVE;
				GCC_WARN_UNUSED_FUNCTION = YES;
				GCC_WARN_UNUSED_VARIABLE = YES;
				IPHONEOS_DEPLOYMENT_TARGET = 14.0;
				MTL_ENABLE_DEBUG_INFO = INCLUDE_SOURCE;
				MTL_FAST_MATH = YES;
				ONLY_ACTIVE_ARCH = YES;
				SDKROOT = iphoneos;
				SWIFT_ACTIVE_COMPILATION_CONDITIONS = DEBUG;
				SWIFT_OPTIMIZATION_LEVEL = "-Onone";
			};
			name = Debug;
		};
		D3D9C69C2658A36300D268D1 /* Release */ = {
			isa = XCBuildConfiguration;
			buildSettings = {
				ALWAYS_SEARCH_USER_PATHS = NO;
				CLANG_ANALYZER_NONNULL = YES;
				CLANG_ANALYZER_NUMBER_OBJECT_CONVERSION = YES_AGGRESSIVE;
				CLANG_CXX_LANGUAGE_STANDARD = "gnu++14";
				CLANG_CXX_LIBRARY = "libc++";
				CLANG_ENABLE_MODULES = YES;
				CLANG_ENABLE_OBJC_ARC = YES;
				CLANG_ENABLE_OBJC_WEAK = YES;
				CLANG_WARN_BLOCK_CAPTURE_AUTORELEASING = YES;
				CLANG_WARN_BOOL_CONVERSION = YES;
				CLANG_WARN_COMMA = YES;
				CLANG_WARN_CONSTANT_CONVERSION = YES;
				CLANG_WARN_DEPRECATED_OBJC_IMPLEMENTATIONS = YES;
				CLANG_WARN_DIRECT_OBJC_ISA_USAGE = YES_ERROR;
				CLANG_WARN_DOCUMENTATION_COMMENTS = YES;
				CLANG_WARN_EMPTY_BODY = YES;
				CLANG_WARN_ENUM_CONVERSION = YES;
				CLANG_WARN_INFINITE_RECURSION = YES;
				CLANG_WARN_INT_CONVERSION = YES;
				CLANG_WARN_NON_LITERAL_NULL_CONVERSION = YES;
				CLANG_WARN_OBJC_IMPLICIT_RETAIN_SELF = YES;
				CLANG_WARN_OBJC_LITERAL_CONVERSION = YES;
				CLANG_WARN_OBJC_ROOT_CLASS = YES_ERROR;
				CLANG_WARN_QUOTED_INCLUDE_IN_FRAMEWORK_HEADER = YES;
				CLANG_WARN_RANGE_LOOP_ANALYSIS = YES;
				CLANG_WARN_STRICT_PROTOTYPES = YES;
				CLANG_WARN_SUSPICIOUS_MOVE = YES;
				CLANG_WARN_UNGUARDED_AVAILABILITY = YES_AGGRESSIVE;
				CLANG_WARN_UNREACHABLE_CODE = YES;
				CLANG_WARN__DUPLICATE_METHOD_MATCH = YES;
				COPY_PHASE_STRIP = NO;
				DEBUG_INFORMATION_FORMAT = "dwarf-with-dsym";
				ENABLE_NS_ASSERTIONS = NO;
				ENABLE_STRICT_OBJC_MSGSEND = YES;
				GCC_C_LANGUAGE_STANDARD = gnu11;
				GCC_NO_COMMON_BLOCKS = YES;
				GCC_WARN_64_TO_32_BIT_CONVERSION = YES;
				GCC_WARN_ABOUT_RETURN_TYPE = YES_ERROR;
				GCC_WARN_UNDECLARED_SELECTOR = YES;
				GCC_WARN_UNINITIALIZED_AUTOS = YES_AGGRESSIVE;
				GCC_WARN_UNUSED_FUNCTION = YES;
				GCC_WARN_UNUSED_VARIABLE = YES;
				IPHONEOS_DEPLOYMENT_TARGET = 14.0;
				MTL_ENABLE_DEBUG_INFO = NO;
				MTL_FAST_MATH = YES;
				SDKROOT = iphoneos;
				SWIFT_COMPILATION_MODE = wholemodule;
				SWIFT_OPTIMIZATION_LEVEL = "-O";
				VALIDATE_PRODUCT = YES;
			};
			name = Release;
		};
		D3D9C69E2658A36300D268D1 /* Debug */ = {
			isa = XCBuildConfiguration;
			buildSettings = {
				ASSETCATALOG_COMPILER_APPICON_NAME = AppIcon;
				ASSETCATALOG_COMPILER_GLOBAL_ACCENT_COLOR_NAME = AccentColor;
				CODE_SIGN_STYLE = Automatic;
				DEVELOPMENT_ASSET_PATHS = "\"Rock Paper Scissors/Preview Content\"";
				ENABLE_PREVIEWS = YES;
				INFOPLIST_FILE = "Rock Paper Scissors/Info.plist";
				IPHONEOS_DEPLOYMENT_TARGET = 14.0;
				LD_RUNPATH_SEARCH_PATHS = (
					"$(inherited)",
					"@executable_path/Frameworks",
				);
				PRODUCT_BUNDLE_IDENTIFIER = "com.Yash.Rock-Paper-Scissors";
				PRODUCT_NAME = "$(TARGET_NAME)";
				SWIFT_VERSION = 5.0;
				TARGETED_DEVICE_FAMILY = 1;
			};
			name = Debug;
		};
		D3D9C69F2658A36300D268D1 /* Release */ = {
			isa = XCBuildConfiguration;
			buildSettings = {
				ASSETCATALOG_COMPILER_APPICON_NAME = AppIcon;
				ASSETCATALOG_COMPILER_GLOBAL_ACCENT_COLOR_NAME = AccentColor;
				CODE_SIGN_STYLE = Automatic;
				DEVELOPMENT_ASSET_PATHS = "\"Rock Paper Scissors/Preview Content\"";
				ENABLE_PREVIEWS = YES;
				INFOPLIST_FILE = "Rock Paper Scissors/Info.plist";
				IPHONEOS_DEPLOYMENT_TARGET = 14.0;
				LD_RUNPATH_SEARCH_PATHS = (
					"$(inherited)",
					"@executable_path/Frameworks",
				);
				PRODUCT_BUNDLE_IDENTIFIER = "com.Yash.Rock-Paper-Scissors";
				PRODUCT_NAME = "$(TARGET_NAME)";
				SWIFT_VERSION = 5.0;
				TARGETED_DEVICE_FAMILY = 1;
			};
			name = Release;
		};
/* End XCBuildConfiguration section */

/* Begin XCConfigurationList section */
		D3D9C6892658A36300D268D1 /* Build configuration list for PBXProject "Rock Paper Scissors" */ = {
			isa = XCConfigurationList;
			buildConfigurations = (
				D3D9C69B2658A36300D268D1 /* Debug */,
				D3D9C69C2658A36300D268D1 /* Release */,
			);
			defaultConfigurationIsVisible = 0;
			defaultConfigurationName = Release;
		};
		D3D9C69D2658A36300D268D1 /* Build configuration list for PBXNativeTarget "Rock Paper Scissors" */ = {
			isa = XCConfigurationList;
			buildConfigurations = (
				D3D9C69E2658A36300D268D1 /* Debug */,
				D3D9C69F2658A36300D268D1 /* Release */,
			);
			defaultConfigurationIsVisible = 0;
			defaultConfigurationName = Release;
		};
/* End XCConfigurationList section */
	};
	rootObject = D3D9C6862658A36300D268D1 /* Project object */;
}
